
Microsoft Visual Studio Solution File, Format Version 12.00
# Visual Studio Version 16
VisualStudioVersion = 16.0.29326.143
MinimumVisualStudioVersion = 10.0.40219.1
Project("{FAE04EC0-301F-11D3-BF4B-00C04F79EFBC}") = "ExamModule1", "ExamModule1\ExamModule1.csproj", "{EE16CD8A-81B0-44CB-948B-AD0CA5FC50E0}"
EndProject
Global
	GlobalSection(SolutionConfigurationPlatforms) = preSolution
		Debug|Any CPU = Debug|Any CPU
		Release|Any CPU = Release|Any CPU
	EndGlobalSection
	GlobalSection(ProjectConfigurationPlatforms) = postSolution
		{EE16CD8A-81B0-44CB-948B-AD0CA5FC50E0}.Debug|Any CPU.ActiveCfg = Debug|Any CPU
		{EE16CD8A-81B0-44CB-948B-AD0CA5FC50E0}.Debug|Any CPU.Build.0 = Debug|Any CPU
		{EE16CD8A-81B0-44CB-948B-AD0CA5FC50E0}.Release|Any CPU.ActiveCfg = Release|Any CPU
		{EE16CD8A-81B0-44CB-948B-AD0CA5FC50E0}.Release|Any CPU.Build.0 = Release|Any CPU
	EndGlobalSection
	GlobalSection(SolutionProperties) = preSolution
		HideSolutionNode = FALSE
	EndGlobalSection
	GlobalSection(ExtensibilityGlobals) = postSolution
		SolutionGuid = {0F0F8F4E-E48E-4D91-90DE-7535F50ED993}
	EndGlobalSection
EndGlobal
